
Microsoft Visual Studio Solution File, Format Version 12.00
# Visual Studio Version 17
VisualStudioVersion = 17.10.35122.118
MinimumVisualStudioVersion = 10.0.40219.1
Project("{888888A0-9F3D-457C-B088-3A5042F75D52}") = "Test", "Test.pyproj", "{282BD1C4-E62D-4DFA-88BD-610CA289B4E7}"
EndProject
Global
	GlobalSection(SolutionConfigurationPlatforms) = preSolution
		Debug|Any CPU = Debug|Any CPU
		Release|Any CPU = Release|Any CPU
	EndGlobalSection
	GlobalSection(ProjectConfigurationPlatforms) = postSolution
		{282BD1C4-E62D-4DFA-88BD-610CA289B4E7}.Debug|Any CPU.ActiveCfg = Debug|Any CPU
		{282BD1C4-E62D-4DFA-88BD-610CA289B4E7}.Release|Any CPU.ActiveCfg = Release|Any CPU
	EndGlobalSection
	GlobalSection(SolutionProperties) = preSolution
		HideSolutionNode = FALSE
	EndGlobalSection
	GlobalSection(ExtensibilityGlobals) = postSolution
		SolutionGuid = {E9EC4259-F21C-4B4F-AA28-2D0FE9B5C759}
	EndGlobalSection
EndGlobal
