
Microsoft Visual Studio Solution File, Format Version 12.00
# Visual Studio Version 17
VisualStudioVersion = 17.10.35122.118
MinimumVisualStudioVersion = 10.0.40219.1
Project("{888888A0-9F3D-457C-B088-3A5042F75D52}") = "Lab1", "Lab1.pyproj", "{94D1B63D-F8AC-4800-B5BC-53AA95144AE8}"
EndProject
Global
	GlobalSection(SolutionConfigurationPlatforms) = preSolution
		Debug|Any CPU = Debug|Any CPU
		Release|Any CPU = Release|Any CPU
	EndGlobalSection
	GlobalSection(ProjectConfigurationPlatforms) = postSolution
		{94D1B63D-F8AC-4800-B5BC-53AA95144AE8}.Debug|Any CPU.ActiveCfg = Debug|Any CPU
		{94D1B63D-F8AC-4800-B5BC-53AA95144AE8}.Release|Any CPU.ActiveCfg = Release|Any CPU
	EndGlobalSection
	GlobalSection(SolutionProperties) = preSolution
		HideSolutionNode = FALSE
	EndGlobalSection
	GlobalSection(ExtensibilityGlobals) = postSolution
		SolutionGuid = {747C94E9-D20F-45C1-83FC-A434085421F6}
	EndGlobalSection
EndGlobal
